
Microsoft Visual Studio Solution File, Format Version 12.00
# Visual Studio 15
VisualStudioVersion = 15.0.27428.2002
MinimumVisualStudioVersion = 10.0.40219.1
Project("{FAE04EC0-301F-11D3-BF4B-00C04F79EFBC}") = "TruTexts__pty__Company_Data_Base", "TruTexts__pty__Company_Data_Base\TruTexts__pty__Company_Data_Base.csproj", "{4F54E49D-44A7-403A-9DAC-128F5A9E7819}"
EndProject
Project("{FAE04EC0-301F-11D3-BF4B-00C04F79EFBC}") = "TruTexts.ClassLibrary", "TruTexts.ClassLibrary\TruTexts.ClassLibrary.csproj", "{696B2A54-94F2-4C72-A031-100D61F1340C}"
EndProject
Global
	GlobalSection(SolutionConfigurationPlatforms) = preSolution
		Debug|Any CPU = Debug|Any CPU
		Release|Any CPU = Release|Any CPU
	EndGlobalSection
	GlobalSection(ProjectConfigurationPlatforms) = postSolution
		{4F54E49D-44A7-403A-9DAC-128F5A9E7819}.Debug|Any CPU.ActiveCfg = Debug|Any CPU
		{4F54E49D-44A7-403A-9DAC-128F5A9E7819}.Debug|Any CPU.Build.0 = Debug|Any CPU
		{4F54E49D-44A7-403A-9DAC-128F5A9E7819}.Release|Any CPU.ActiveCfg = Release|Any CPU
		{4F54E49D-44A7-403A-9DAC-128F5A9E7819}.Release|Any CPU.Build.0 = Release|Any CPU
		{696B2A54-94F2-4C72-A031-100D61F1340C}.Debug|Any CPU.ActiveCfg = Debug|Any CPU
		{696B2A54-94F2-4C72-A031-100D61F1340C}.Debug|Any CPU.Build.0 = Debug|Any CPU
		{696B2A54-94F2-4C72-A031-100D61F1340C}.Release|Any CPU.ActiveCfg = Release|Any CPU
		{696B2A54-94F2-4C72-A031-100D61F1340C}.Release|Any CPU.Build.0 = Release|Any CPU
	EndGlobalSection
	GlobalSection(SolutionProperties) = preSolution
		HideSolutionNode = FALSE
	EndGlobalSection
	GlobalSection(ExtensibilityGlobals) = postSolution
		SolutionGuid = {7B113A78-8649-4FC2-BF63-6026D143D2B1}
	EndGlobalSection
EndGlobal
